
Microsoft Visual Studio Solution File, Format Version 12.00
# Visual Studio 15
VisualStudioVersion = 15.0.26730.3
MinimumVisualStudioVersion = 10.0.40219.1
Project("{FAE04EC0-301F-11D3-BF4B-00C04F79EFBC}") = "MediaBrowser.Channels.IPTV", "MediaBrowser.Channels.IPTV\MediaBrowser.Channels.IPTV.csproj", "{DF0302B3-DF91-409D-9696-F027E2D16863}"
EndProject
Global
	GlobalSection(SolutionConfigurationPlatforms) = preSolution
		Debug|Any CPU = Debug|Any CPU
		Release|Any CPU = Release|Any CPU
	EndGlobalSection
	GlobalSection(ProjectConfigurationPlatforms) = postSolution
		{DF0302B3-DF91-409D-9696-F027E2D16863}.Debug|Any CPU.ActiveCfg = Debug|Any CPU
		{DF0302B3-DF91-409D-9696-F027E2D16863}.Debug|Any CPU.Build.0 = Debug|Any CPU
		{DF0302B3-DF91-409D-9696-F027E2D16863}.Release|Any CPU.ActiveCfg = Release|Any CPU
		{DF0302B3-DF91-409D-9696-F027E2D16863}.Release|Any CPU.Build.0 = Release|Any CPU
	EndGlobalSection
	GlobalSection(SolutionProperties) = preSolution
		HideSolutionNode = FALSE
	EndGlobalSection
	GlobalSection(ExtensibilityGlobals) = postSolution
		SolutionGuid = {A826C9EE-5710-4047-8A2C-F03B2AC857F7}
	EndGlobalSection
EndGlobal
